
Microsoft Visual Studio Solution File, Format Version 12.00
# Visual Studio Version 17
VisualStudioVersion = 17.12.35707.178 d17.12
MinimumVisualStudioVersion = 10.0.40219.1
Project("{FAE04EC0-301F-11D3-BF4B-00C04F79EFBC}") = "FunctionsValidaCpf", "FunctionsValidaCpf.csproj", "{46F918F6-8397-4AA6-8083-FAAFA73C446A}"
EndProject
Global
	GlobalSection(SolutionConfigurationPlatforms) = preSolution
		Debug|Any CPU = Debug|Any CPU
		Release|Any CPU = Release|Any CPU
	EndGlobalSection
	GlobalSection(ProjectConfigurationPlatforms) = postSolution
		{46F918F6-8397-4AA6-8083-FAAFA73C446A}.Debug|Any CPU.ActiveCfg = Debug|Any CPU
		{46F918F6-8397-4AA6-8083-FAAFA73C446A}.Debug|Any CPU.Build.0 = Debug|Any CPU
		{46F918F6-8397-4AA6-8083-FAAFA73C446A}.Release|Any CPU.ActiveCfg = Release|Any CPU
		{46F918F6-8397-4AA6-8083-FAAFA73C446A}.Release|Any CPU.Build.0 = Release|Any CPU
	EndGlobalSection
	GlobalSection(SolutionProperties) = preSolution
		HideSolutionNode = FALSE
	EndGlobalSection
EndGlobal
